// !$*UTF8*$!
{
	archiveVersion = 1;
	classes = {
	};
	objectVersion = 77;
	objects = {

/* Begin PBXContainerItemProxy section */
		5AD840242EA5A41E00E07D01 /* PBXContainerItemProxy */ = {
			isa = PBXContainerItemProxy;
			containerPortal = 5AD8400C2EA5A41D00E07D01 /* Project object */;
			proxyType = 1;
			remoteGlobalIDString = 5AD840132EA5A41D00E07D01;
			remoteInfo = SmartStudyTutor;
		};
		5AD8402E2EA5A41E00E07D01 /* PBXContainerItemProxy */ = {
			isa = PBXContainerItemProxy;
			containerPortal = 5AD8400C2EA5A41D00E07D01 /* Project object */;
			proxyType = 1;
			remoteGlobalIDString = 5AD840132EA5A41D00E07D01;
			remoteInfo = SmartStudyTutor;
		};
/* End PBXContainerItemProxy section */

/* Begin PBXFileReference section */
		5AD840142EA5A41D00E07D01 /* SmartStudyTutor.app */ = {isa = PBXFileReference; explicitFileType = wrapper.application; includeInIndex = 0; path = SmartStudyTutor.app; sourceTree = BUILT_PRODUCTS_DIR; };
		5AD840232EA5A41E00E07D01 /* SmartStudyTutorTests.xctest */ = {isa = PBXFileReference; explicitFileType = wrapper.cfbundle; includeInIndex = 0; path = SmartStudyTutorTests.xctest; sourceTree = BUILT_PRODUCTS_DIR; };
		5AD8402D2EA5A41E00E07D01 /* SmartStudyTutorUITests.xctest */ = {isa = PBXFileReference; explicitFileType = wrapper.cfbundle; includeInIndex = 0; path = SmartStudyTutorUITests.xctest; sourceTree = BUILT_PRODUCTS_DIR; };
/* End PBXFileReference section */

/* Begin PBXFileSystemSynchronizedRootGroup section */
		5AD840162EA5A41D00E07D01 /* SmartStudyTutor */ = {
			isa = PBXFileSystemSynchronizedRootGroup;
			path = SmartStudyTutor;
			sourceTree = "<group>";
		};
		5AD840262EA5A41E00E07D01 /* SmartStudyTutorTests */ = {
			isa = PBXFileSystemSynchronizedRootGroup;
			path = SmartStudyTutorTests;
			sourceTree = "<group>";
		};
		5AD840302EA5A41E00E07D01 /* SmartStudyTutorUITests */ = {
			isa = PBXFileSystemSynchronizedRootGroup;
			path = SmartStudyTutorUITests;
			sourceTree = "<group>";
		};
/* End PBXFileSystemSynchronizedRootGroup section */

/* Begin PBXFrameworksBuildPhase section */
		5AD840112EA5A41D00E07D01 /* Frameworks */ = {
			isa = PBXFrameworksBuildPhase;
			buildActionMask = 2147483647;
			files = (
			);
			runOnlyForDeploymentPostprocessing = 0;
		};
		5AD840202EA5A41E00E07D01 /* Frameworks */ = {
			isa = PBXFrameworksBuildPhase;
			buildActionMask = 2147483647;
			files = (
			);
			runOnlyForDeploymentPostprocessing = 0;
		};
		5AD8402A2EA5A41E00E07D01 /* Frameworks */ = {
			isa = PBXFrameworksBuildPhase;
			buildActionMask = 2147483647;
			files = (
			);
			runOnlyForDeploymentPostprocessing = 0;
		};
/* End PBXFrameworksBuildPhase section */

/* Begin PBXGroup section */
		5AD8400B2EA5A41D00E07D01 = {
			isa = PBXGroup;
			children = (
				5AD840162EA5A41D00E07D01 /* SmartStudyTutor */,
				5AD840262EA5A41E00E07D01 /* SmartStudyTutorTests */,
				5AD840302EA5A41E00E07D01 /* SmartStudyTutorUITests */,
				5AD840152EA5A41D00E07D01 /* Products */,
			);
			sourceTree = "<group>";
		};
		5AD840152EA5A41D00E07D01 /* Products */ = {
			isa = PBXGroup;
			children = (
				5AD840142EA5A41D00E07D01 /* SmartStudyTutor.app */,
				5AD840232EA5A41E00E07D01 /* SmartStudyTutorTests.xctest */,
				5AD8402D2EA5A41E00E07D01 /* SmartStudyTutorUITests.xctest */,
			);
			name = Products;
			sourceTree = "<group>";
		};
/* End PBXGroup section */

/* Begin PBXNativeTarget section */
		5AD840132EA5A41D00E07D01 /* SmartStudyTutor */ = {
			isa = PBXNativeTarget;
			buildConfigurationList = 5AD840372EA5A41E00E07D01 /* Build configuration list for PBXNativeTarget "SmartStudyTutor" */;
			buildPhases = (
				5AD840102EA5A41D00E07D01 /* Sources */,
				5AD840112EA5A41D00E07D01 /* Frameworks */,
				5AD840122EA5A41D00E07D01 /* Resources */,
			);
			buildRules = (
			);
			dependencies = (
			);
			fileSystemSynchronizedGroups = (
				5AD840162EA5A41D00E07D01 /* SmartStudyTutor */,
			);
			name = SmartStudyTutor;
			packageProductDependencies = (
			);
			productName = SmartStudyTutor;
			productReference = 5AD840142EA5A41D00E07D01 /* SmartStudyTutor.app */;
			productType = "com.apple.product-type.application";
		};
		5AD840222EA5A41E00E07D01 /* SmartStudyTutorTests */ = {
			isa = PBXNativeTarget;
			buildConfigurationList = 5AD8403A2EA5A41E00E07D01 /* Build configuration list for PBXNativeTarget "SmartStudyTutorTests" */;
			buildPhases = (
				5AD8401F2EA5A41E00E07D01 /* Sources */,
				5AD840202EA5A41E00E07D01 /* Frameworks */,
				5AD840212EA5A41E00E07D01 /* Resources */,
			);
			buildRules = (
			);
			dependencies = (
				5AD840252EA5A41E00E07D01 /* PBXTargetDependency */,
			);
			fileSystemSynchronizedGroups = (
				5AD840262EA5A41E00E07D01 /* SmartStudyTutorTests */,
			);
			name = SmartStudyTutorTests;
			packageProductDependencies = (
			);
			productName = SmartStudyTutorTests;
			productReference = 5AD840232EA5A41E00E07D01 /* SmartStudyTutorTests.xctest */;
			productType = "com.apple.product-type.bundle.unit-test";
		};
		5AD8402C2EA5A41E00E07D01 /* SmartStudyTutorUITests */ = {
			isa = PBXNativeTarget;
			buildConfigurationList = 5AD8403D2EA5A41E00E07D01 /* Build configuration list for PBXNativeTarget "SmartStudyTutorUITests" */;
			buildPhases = (
				5AD840292EA5A41E00E07D01 /* Sources */,
				5AD8402A2EA5A41E00E07D01 /* Frameworks */,
				5AD8402B2EA5A41E00E07D01 /* Resources */,
			);
			buildRules = (
			);
			dependencies = (
				5AD8402F2EA5A41E00E07D01 /* PBXTargetDependency */,
			);
			fileSystemSynchronizedGroups = (
				5AD840302EA5A41E00E07D01 /* SmartStudyTutorUITests */,
			);
			name = SmartStudyTutorUITests;
			packageProductDependencies = (
			);
			productName = SmartStudyTutorUITests;
			productReference = 5AD8402D2EA5A41E00E07D01 /* SmartStudyTutorUITests.xctest */;
			productType = "com.apple.product-type.bundle.ui-testing";
		};
/* End PBXNativeTarget section */

/* Begin PBXProject section */
		5AD8400C2EA5A41D00E07D01 /* Project object */ = {
			isa = PBXProject;
			attributes = {
				BuildIndependentTargetsInParallel = 1;
				LastSwiftUpdateCheck = 2600;
				LastUpgradeCheck = 2600;
				TargetAttributes = {
					5AD840132EA5A41D00E07D01 = {
						CreatedOnToolsVersion = 26.0.1;
					};
					5AD840222EA5A41E00E07D01 = {
						CreatedOnToolsVersion = 26.0.1;
						TestTargetID = 5AD840132EA5A41D00E07D01;
					};
					5AD8402C2EA5A41E00E07D01 = {
						CreatedOnToolsVersion = 26.0.1;
						TestTargetID = 5AD840132EA5A41D00E07D01;
					};
				};
			};
			buildConfigurationList = 5AD8400F2EA5A41D00E07D01 /* Build configuration list for PBXProject "SmartStudyTutor" */;
			developmentRegion = en;
			hasScannedForEncodings = 0;
			knownRegions = (
				en,
				Base,
			);
			mainGroup = 5AD8400B2EA5A41D00E07D01;
			minimizedProjectReferenceProxies = 1;
			preferredProjectObjectVersion = 77;
			productRefGroup = 5AD840152EA5A41D00E07D01 /* Products */;
			projectDirPath = "";
			projectRoot = "";
			targets = (
				5AD840132EA5A41D00E07D01 /* SmartStudyTutor */,
				5AD840222EA5A41E00E07D01 /* SmartStudyTutorTests */,
				5AD8402C2EA5A41E00E07D01 /* SmartStudyTutorUITests */,
			);
		};
/* End PBXProject section */

/* Begin PBXResourcesBuildPhase section */
		5AD840122EA5A41D00E07D01 /* Resources */ = {
			isa = PBXResourcesBuildPhase;
			buildActionMask = 2147483647;
			files = (
			);
			runOnlyForDeploymentPostprocessing = 0;
		};
		5AD840212EA5A41E00E07D01 /* Resources */ = {
			isa = PBXResourcesBuildPhase;
			buildActionMask = 2147483647;
			files = (
			);
			runOnlyForDeploymentPostprocessing = 0;
		};
		5AD8402B2EA5A41E00E07D01 /* Resources */ = {
			isa = PBXResourcesBuildPhase;
			buildActionMask = 2147483647;
			files = (
			);
			runOnlyForDeploymentPostprocessing = 0;
		};
/* End PBXResourcesBuildPhase section */

/* Begin PBXSourcesBuildPhase section */
		5AD840102EA5A41D00E07D01 /* Sources */ = {
			isa = PBXSourcesBuildPhase;
			buildActionMask = 2147483647;
			files = (
			);
			runOnlyForDeploymentPostprocessing = 0;
		};
		5AD8401F2EA5A41E00E07D01 /* Sources */ = {
			isa = PBXSourcesBuildPhase;
			buildActionMask = 2147483647;
			files = (
			);
			runOnlyForDeploymentPostprocessing = 0;
		};
		5AD840292EA5A41E00E07D01 /* Sources */ = {
			isa = PBXSourcesBuildPhase;
			buildActionMask = 2147483647;
			files = (
			);
			runOnlyForDeploymentPostprocessing = 0;
		};
/* End PBXSourcesBuildPhase section */

/* Begin PBXTargetDependency section */
		5AD840252EA5A41E00E07D01 /* PBXTargetDependency */ = {
			isa = PBXTargetDependency;
			target = 5AD840132EA5A41D00E07D01 /* SmartStudyTutor */;
			targetProxy = 5AD840242EA5A41E00E07D01 /* PBXContainerItemProxy */;
		};
		5AD8402F2EA5A41E00E07D01 /* PBXTargetDependency */ = {
			isa = PBXTargetDependency;
			target = 5AD840132EA5A41D00E07D01 /* SmartStudyTutor */;
			targetProxy = 5AD8402E2EA5A41E00E07D01 /* PBXContainerItemProxy */;
		};
/* End PBXTargetDependency section */

/* Begin XCBuildConfiguration section */
		5AD840352EA5A41E00E07D01 /* Debug */ = {
			isa = XCBuildConfiguration;
			buildSettings = {
				ALWAYS_SEARCH_USER_PATHS = NO;
				ASSETCATALOG_COMPILER_GENERATE_SWIFT_ASSET_SYMBOL_EXTENSIONS = YES;
				CLANG_ANALYZER_NONNULL = YES;
				CLANG_ANALYZER_NUMBER_OBJECT_CONVERSION = YES_AGGRESSIVE;
				CLANG_CXX_LANGUAGE_STANDARD = "gnu++20";
				CLANG_ENABLE_MODULES = YES;
				CLANG_ENABLE_OBJC_ARC = YES;
				CLANG_ENABLE_OBJC_WEAK = YES;
				CLANG_WARN_BLOCK_CAPTURE_AUTORELEASING = YES;
				CLANG_WARN_BOOL_CONVERSION = YES;
				CLANG_WARN_COMMA = YES;
				CLANG_WARN_CONSTANT_CONVERSION = YES;
				CLANG_WARN_DEPRECATED_OBJC_IMPLEMENTATIONS = YES;
				CLANG_WARN_DIRECT_OBJC_ISA_USAGE = YES_ERROR;
				CLANG_WARN_DOCUMENTATION_COMMENTS = YES;
				CLANG_WARN_EMPTY_BODY = YES;
				CLANG_WARN_ENUM_CONVERSION = YES;
				CLANG_WARN_INFINITE_RECURSION = YES;
				CLANG_WARN_INT_CONVERSION = YES;
				CLANG_WARN_NON_LITERAL_NULL_CONVERSION = YES;
				CLANG_WARN_OBJC_IMPLICIT_RETAIN_SELF = YES;
				CLANG_WARN_OBJC_LITERAL_CONVERSION = YES;
				CLANG_WARN_OBJC_ROOT_CLASS = YES_ERROR;
				CLANG_WARN_QUOTED_INCLUDE_IN_FRAMEWORK_HEADER = YES;
				CLANG_WARN_RANGE_LOOP_ANALYSIS = YES;
				CLANG_WARN_STRICT_PROTOTYPES = YES;
				CLANG_WARN_SUSPICIOUS_MOVE = YES;
				CLANG_WARN_UNGUARDED_AVAILABILITY = YES_AGGRESSIVE;
				CLANG_WARN_UNREACHABLE_CODE = YES;
				CLANG_WARN__DUPLICATE_METHOD_MATCH = YES;
				COPY_PHASE_STRIP = NO;
				DEBUG_INFORMATION_FORMAT = dwarf;
				ENABLE_STRICT_OBJC_MSGSEND = YES;
				ENABLE_TESTABILITY = YES;
				ENABLE_USER_SCRIPT_SANDBOXING = YES;
				GCC_C_LANGUAGE_STANDARD = gnu17;
				GCC_DYNAMIC_NO_PIC = NO;
				GCC_NO_COMMON_BLOCKS = YES;
				GCC_OPTIMIZATION_LEVEL = 0;
				GCC_PREPROCESSOR_DEFINITIONS = (
					"DEBUG=1",
					"$(inherited)",
				);
				GCC_WARN_64_TO_32_BIT_CONVERSION = YES;
				GCC_WARN_ABOUT_RETURN_TYPE = YES_ERROR;
				GCC_WARN_UNDECLARED_SELECTOR = YES;
				GCC_WARN_UNINITIALIZED_AUTOS = YES_AGGRESSIVE;
				GCC_WARN_UNUSED_FUNCTION = YES;
				GCC_WARN_UNUSED_VARIABLE = YES;
				IPHONEOS_DEPLOYMENT_TARGET = 26.0;
				LOCALIZATION_PREFERS_STRING_CATALOGS = YES;
				MTL_ENABLE_DEBUG_INFO = INCLUDE_SOURCE;
				MTL_FAST_MATH = YES;
				ONLY_ACTIVE_ARCH = YES;
				SDKROOT = iphoneos;
				SWIFT_ACTIVE_COMPILATION_CONDITIONS = "DEBUG $(inherited)";
				SWIFT_OPTIMIZATION_LEVEL = "-Onone";
			};
			name = Debug;
		};
		5AD840362EA5A41E00E07D01 /* Release */ = {
			isa = XCBuildConfiguration;
			buildSettings = {
				ALWAYS_SEARCH_USER_PATHS = NO;
				ASSETCATALOG_COMPILER_GENERATE_SWIFT_ASSET_SYMBOL_EXTENSIONS = YES;
				CLANG_ANALYZER_NONNULL = YES;
				CLANG_ANALYZER_NUMBER_OBJECT_CONVERSION = YES_AGGRESSIVE;
				CLANG_CXX_LANGUAGE_STANDARD = "gnu++20";
				CLANG_ENABLE_MODULES = YES;
				CLANG_ENABLE_OBJC_ARC = YES;
				CLANG_ENABLE_OBJC_WEAK = YES;
				CLANG_WARN_BLOCK_CAPTURE_AUTORELEASING = YES;
				CLANG_WARN_BOOL_CONVERSION = YES;
				CLANG_WARN_COMMA = YES;
				CLANG_WARN_CONSTANT_CONVERSION = YES;
				CLANG_WARN_DEPRECATED_OBJC_IMPLEMENTATIONS = YES;
				CLANG_WARN_DIRECT_OBJC_ISA_USAGE = YES_ERROR;
				CLANG_WARN_DOCUMENTATION_COMMENTS = YES;
				CLANG_WARN_EMPTY_BODY = YES;
				CLANG_WARN_ENUM_CONVERSION = YES;
				CLANG_WARN_INFINITE_RECURSION = YES;
				CLANG_WARN_INT_CONVERSION = YES;
				CLANG_WARN_NON_LITERAL_NULL_CONVERSION = YES;
				CLANG_WARN_OBJC_IMPLICIT_RETAIN_SELF = YES;
				CLANG_WARN_OBJC_LITERAL_CONVERSION = YES;
				CLANG_WARN_OBJC_ROOT_CLASS = YES_ERROR;
				CLANG_WARN_QUOTED_INCLUDE_IN_FRAMEWORK_HEADER = YES;
				CLANG_WARN_RANGE_LOOP_ANALYSIS = YES;
				CLANG_WARN_STRICT_PROTOTYPES = YES;
				CLANG_WARN_SUSPICIOUS_MOVE = YES;
				CLANG_WARN_UNGUARDED_AVAILABILITY = YES_AGGRESSIVE;
				CLANG_WARN_UNREACHABLE_CODE = YES;
				CLANG_WARN__DUPLICATE_METHOD_MATCH = YES;
				COPY_PHASE_STRIP = NO;
				DEBUG_INFORMATION_FORMAT = "dwarf-with-dsym";
				ENABLE_NS_ASSERTIONS = NO;
				ENABLE_STRICT_OBJC_MSGSEND = YES;
				ENABLE_USER_SCRIPT_SANDBOXING = YES;
				GCC_C_LANGUAGE_STANDARD = gnu17;
				GCC_NO_COMMON_BLOCKS = YES;
				GCC_WARN_64_TO_32_BIT_CONVERSION = YES;
				GCC_WARN_ABOUT_RETURN_TYPE = YES_ERROR;
				GCC_WARN_UNDECLARED_SELECTOR = YES;
				GCC_WARN_UNINITIALIZED_AUTOS = YES_AGGRESSIVE;
				GCC_WARN_UNUSED_FUNCTION = YES;
				GCC_WARN_UNUSED_VARIABLE = YES;
				IPHONEOS_DEPLOYMENT_TARGET = 26.0;
				LOCALIZATION_PREFERS_STRING_CATALOGS = YES;
				MTL_ENABLE_DEBUG_INFO = NO;
				MTL_FAST_MATH = YES;
				SDKROOT = iphoneos;
				SWIFT_COMPILATION_MODE = wholemodule;
				VALIDATE_PRODUCT = YES;
			};
			name = Release;
		};
		5AD840382EA5A41E00E07D01 /* Debug */ = {
			isa = XCBuildConfiguration;
			buildSettings = {
				ASSETCATALOG_COMPILER_APPICON_NAME = AppIcon;
				ASSETCATALOG_COMPILER_GLOBAL_ACCENT_COLOR_NAME = AccentColor;
				CODE_SIGN_STYLE = Automatic;
				CURRENT_PROJECT_VERSION = 1;
				ENABLE_PREVIEWS = YES;
				GENERATE_INFOPLIST_FILE = YES;
				INFOPLIST_KEY_UIApplicationSceneManifest_Generation = YES;
				INFOPLIST_KEY_UIApplicationSupportsIndirectInputEvents = YES;
				INFOPLIST_KEY_UILaunchScreen_Generation = YES;
				INFOPLIST_KEY_UISupportedInterfaceOrientations_iPad = "UIInterfaceOrientationPortrait UIInterfaceOrientationPortraitUpsideDown UIInterfaceOrientationLandscapeLeft UIInterfaceOrientationLandscapeRight";
				INFOPLIST_KEY_UISupportedInterfaceOrientations_iPhone = "UIInterfaceOrientationPortrait UIInterfaceOrientationLandscapeLeft UIInterfaceOrientationLandscapeRight";
				LD_RUNPATH_SEARCH_PATHS = (
					"$(inherited)",
					"@executable_path/Frameworks",
				);
				MARKETING_VERSION = 1.0;
				PRODUCT_BUNDLE_IDENTIFIER = smart.study.tutor.com.au.SmartStudyTutor;
				PRODUCT_NAME = "$(TARGET_NAME)";
				STRING_CATALOG_GENERATE_SYMBOLS = YES;
				SWIFT_APPROACHABLE_CONCURRENCY = YES;
				SWIFT_DEFAULT_ACTOR_ISOLATION = MainActor;
				SWIFT_EMIT_LOC_STRINGS = YES;
				SWIFT_UPCOMING_FEATURE_MEMBER_IMPORT_VISIBILITY = YES;
				SWIFT_VERSION = 5.0;
				TARGETED_DEVICE_FAMILY = "1,2";
			};
			name = Debug;
		};
		5AD840392EA5A41E00E07D01 /* Release */ = {
			isa = XCBuildConfiguration;
			buildSettings = {
				ASSETCATALOG_COMPILER_APPICON_NAME = AppIcon;
				ASSETCATALOG_COMPILER_GLOBAL_ACCENT_COLOR_NAME = AccentColor;
				CODE_SIGN_STYLE = Automatic;
				CURRENT_PROJECT_VERSION = 1;
				ENABLE_PREVIEWS = YES;
				GENERATE_INFOPLIST_FILE = YES;
				INFOPLIST_KEY_UIApplicationSceneManifest_Generation = YES;
				INFOPLIST_KEY_UIApplicationSupportsIndirectInputEvents = YES;
				INFOPLIST_KEY_UILaunchScreen_Generation = YES;
				INFOPLIST_KEY_UISupportedInterfaceOrientations_iPad = "UIInterfaceOrientationPortrait UIInterfaceOrientationPortraitUpsideDown UIInterfaceOrientationLandscapeLeft UIInterfaceOrientationLandscapeRight";
				INFOPLIST_KEY_UISupportedInterfaceOrientations_iPhone = "UIInterfaceOrientationPortrait UIInterfaceOrientationLandscapeLeft UIInterfaceOrientationLandscapeRight";
				LD_RUNPATH_SEARCH_PATHS = (
					"$(inherited)",
					"@executable_path/Frameworks",
				);
				MARKETING_VERSION = 1.0;
				PRODUCT_BUNDLE_IDENTIFIER = smart.study.tutor.com.au.SmartStudyTutor;
				PRODUCT_NAME = "$(TARGET_NAME)";
				STRING_CATALOG_GENERATE_SYMBOLS = YES;
				SWIFT_APPROACHABLE_CONCURRENCY = YES;
				SWIFT_DEFAULT_ACTOR_ISOLATION = MainActor;
				SWIFT_EMIT_LOC_STRINGS = YES;
				SWIFT_UPCOMING_FEATURE_MEMBER_IMPORT_VISIBILITY = YES;
				SWIFT_VERSION = 5.0;
				TARGETED_DEVICE_FAMILY = "1,2";
			};
			name = Release;
		};
		5AD8403B2EA5A41E00E07D01 /* Debug */ = {
			isa = XCBuildConfiguration;
			buildSettings = {
				BUNDLE_LOADER = "$(TEST_HOST)";
				CODE_SIGN_STYLE = Automatic;
				CURRENT_PROJECT_VERSION = 1;
				GENERATE_INFOPLIST_FILE = YES;
				IPHONEOS_DEPLOYMENT_TARGET = 26.0;
				MARKETING_VERSION = 1.0;
				PRODUCT_BUNDLE_IDENTIFIER = smart.study.tutor.com.au.SmartStudyTutorTests;
				PRODUCT_NAME = "$(TARGET_NAME)";
				STRING_CATALOG_GENERATE_SYMBOLS = NO;
				SWIFT_APPROACHABLE_CONCURRENCY = YES;
				SWIFT_EMIT_LOC_STRINGS = NO;
				SWIFT_UPCOMING_FEATURE_MEMBER_IMPORT_VISIBILITY = YES;
				SWIFT_VERSION = 5.0;
				TARGETED_DEVICE_FAMILY = "1,2";
				TEST_HOST = "$(BUILT_PRODUCTS_DIR)/SmartStudyTutor.app/$(BUNDLE_EXECUTABLE_FOLDER_PATH)/SmartStudyTutor";
			};
			name = Debug;
		};
		5AD8403C2EA5A41E00E07D01 /* Release */ = {
			isa = XCBuildConfiguration;
			buildSettings = {
				BUNDLE_LOADER = "$(TEST_HOST)";
				CODE_SIGN_STYLE = Automatic;
				CURRENT_PROJECT_VERSION = 1;
				GENERATE_INFOPLIST_FILE = YES;
				IPHONEOS_DEPLOYMENT_TARGET = 26.0;
				MARKETING_VERSION = 1.0;
				PRODUCT_BUNDLE_IDENTIFIER = smart.study.tutor.com.au.SmartStudyTutorTests;
				PRODUCT_NAME = "$(TARGET_NAME)";
				STRING_CATALOG_GENERATE_SYMBOLS = NO;
				SWIFT_APPROACHABLE_CONCURRENCY = YES;
				SWIFT_EMIT_LOC_STRINGS = NO;
				SWIFT_UPCOMING_FEATURE_MEMBER_IMPORT_VISIBILITY = YES;
				SWIFT_VERSION = 5.0;
				TARGETED_DEVICE_FAMILY = "1,2";
				TEST_HOST = "$(BUILT_PRODUCTS_DIR)/SmartStudyTutor.app/$(BUNDLE_EXECUTABLE_FOLDER_PATH)/SmartStudyTutor";
			};
			name = Release;
		};
		5AD8403E2EA5A41E00E07D01 /* Debug */ = {
			isa = XCBuildConfiguration;
			buildSettings = {
				CODE_SIGN_STYLE = Automatic;
				CURRENT_PROJECT_VERSION = 1;
				GENERATE_INFOPLIST_FILE = YES;
				MARKETING_VERSION = 1.0;
				PRODUCT_BUNDLE_IDENTIFIER = smart.study.tutor.com.au.SmartStudyTutorUITests;
				PRODUCT_NAME = "$(TARGET_NAME)";
				STRING_CATALOG_GENERATE_SYMBOLS = NO;
				SWIFT_APPROACHABLE_CONCURRENCY = YES;
				SWIFT_EMIT_LOC_STRINGS = NO;
				SWIFT_UPCOMING_FEATURE_MEMBER_IMPORT_VISIBILITY = YES;
				SWIFT_VERSION = 5.0;
				TARGETED_DEVICE_FAMILY = "1,2";
				TEST_TARGET_NAME = SmartStudyTutor;
			};
			name = Debug;
		};
		5AD8403F2EA5A41E00E07D01 /* Release */ = {
			isa = XCBuildConfiguration;
			buildSettings = {
				CODE_SIGN_STYLE = Automatic;
				CURRENT_PROJECT_VERSION = 1;
				GENERATE_INFOPLIST_FILE = YES;
				MARKETING_VERSION = 1.0;
				PRODUCT_BUNDLE_IDENTIFIER = smart.study.tutor.com.au.SmartStudyTutorUITests;
				PRODUCT_NAME = "$(TARGET_NAME)";
				STRING_CATALOG_GENERATE_SYMBOLS = NO;
				SWIFT_APPROACHABLE_CONCURRENCY = YES;
				SWIFT_EMIT_LOC_STRINGS = NO;
				SWIFT_UPCOMING_FEATURE_MEMBER_IMPORT_VISIBILITY = YES;
				SWIFT_VERSION = 5.0;
				TARGETED_DEVICE_FAMILY = "1,2";
				TEST_TARGET_NAME = SmartStudyTutor;
			};
			name = Release;
		};
/* End XCBuildConfiguration section */

/* Begin XCConfigurationList section */
		5AD8400F2EA5A41D00E07D01 /* Build configuration list for PBXProject "SmartStudyTutor" */ = {
			isa = XCConfigurationList;
			buildConfigurations = (
				5AD840352EA5A41E00E07D01 /* Debug */,
				5AD840362EA5A41E00E07D01 /* Release */,
			);
			defaultConfigurationIsVisible = 0;
			defaultConfigurationName = Release;
		};
		5AD840372EA5A41E00E07D01 /* Build configuration list for PBXNativeTarget "SmartStudyTutor" */ = {
			isa = XCConfigurationList;
			buildConfigurations = (
				5AD840382EA5A41E00E07D01 /* Debug */,
				5AD840392EA5A41E00E07D01 /* Release */,
			);
			defaultConfigurationIsVisible = 0;
			defaultConfigurationName = Release;
		};
		5AD8403A2EA5A41E00E07D01 /* Build configuration list for PBXNativeTarget "SmartStudyTutorTests" */ = {
			isa = XCConfigurationList;
			buildConfigurations = (
				5AD8403B2EA5A41E00E07D01 /* Debug */,
				5AD8403C2EA5A41E00E07D01 /* Release */,
			);
			defaultConfigurationIsVisible = 0;
			defaultConfigurationName = Release;
		};
		5AD8403D2EA5A41E00E07D01 /* Build configuration list for PBXNativeTarget "SmartStudyTutorUITests" */ = {
			isa = XCConfigurationList;
			buildConfigurations = (
				5AD8403E2EA5A41E00E07D01 /* Debug */,
				5AD8403F2EA5A41E00E07D01 /* Release */,
			);
			defaultConfigurationIsVisible = 0;
			defaultConfigurationName = Release;
		};
/* End XCConfigurationList section */
	};
	rootObject = 5AD8400C2EA5A41D00E07D01 /* Project object */;
}
